// !$*UTF8*$!
{
	archiveVersion = 1;
	classes = {
	};
	objectVersion = 56;
	objects = {

/* Begin PBXBuildFile section */
		35920D4A29AAC2C600F2109F /* AppDelegate.swift in Sources */ = {isa = PBXBuildFile; fileRef = 35920D4929AAC2C600F2109F /* AppDelegate.swift */; };
		35920D5129AAC2C600F2109F /* Main.storyboard in Resources */ = {isa = PBXBuildFile; fileRef = 35920D4F29AAC2C600F2109F /* Main.storyboard */; };
		35920D5329AAC2C800F2109F /* Assets.xcassets in Resources */ = {isa = PBXBuildFile; fileRef = 35920D5229AAC2C800F2109F /* Assets.xcassets */; };
		35920D5629AAC2C800F2109F /* LaunchScreen.storyboard in Resources */ = {isa = PBXBuildFile; fileRef = 35920D5429AAC2C800F2109F /* LaunchScreen.storyboard */; };
		35920D6729AAC59D00F2109F /* PSAWeather_Remote.docc in Sources */ = {isa = PBXBuildFile; fileRef = 35920D6629AAC59D00F2109F /* PSAWeather_Remote.docc */; };
		35920D6D29AAC59D00F2109F /* PSAWeather_Remote.framework in Frameworks */ = {isa = PBXBuildFile; fileRef = 35920D6329AAC59D00F2109F /* PSAWeather_Remote.framework */; };
		35920D7429AAC59D00F2109F /* PSAWeather_RemoteTests.swift in Sources */ = {isa = PBXBuildFile; fileRef = 35920D7329AAC59D00F2109F /* PSAWeather_RemoteTests.swift */; };
		35920D7529AAC59D00F2109F /* PSAWeather_Remote.h in Headers */ = {isa = PBXBuildFile; fileRef = 35920D6529AAC59D00F2109F /* PSAWeather_Remote.h */; settings = {ATTRIBUTES = (Public, ); }; };
		35920D7829AAC59D00F2109F /* PSAWeather_Remote.framework in Frameworks */ = {isa = PBXBuildFile; fileRef = 35920D6329AAC59D00F2109F /* PSAWeather_Remote.framework */; };
		35920D7929AAC59D00F2109F /* PSAWeather_Remote.framework in Embed Frameworks */ = {isa = PBXBuildFile; fileRef = 35920D6329AAC59D00F2109F /* PSAWeather_Remote.framework */; settings = {ATTRIBUTES = (CodeSignOnCopy, RemoveHeadersOnCopy, ); }; };
		35920D8229AAC80900F2109F /* NetworkManager.swift in Sources */ = {isa = PBXBuildFile; fileRef = 35920D8129AAC80900F2109F /* NetworkManager.swift */; };
		35EAB55429AB564A006B7522 /* CitiesViewController.swift in Sources */ = {isa = PBXBuildFile; fileRef = 35EAB55229AB564A006B7522 /* CitiesViewController.swift */; };
		35EAB55B29AB58D6006B7522 /* UIViewController+Extensions.swift in Sources */ = {isa = PBXBuildFile; fileRef = 35EAB55A29AB58D6006B7522 /* UIViewController+Extensions.swift */; };
		35EAB5A429AB6D70006B7522 /* CityModel.swift in Sources */ = {isa = PBXBuildFile; fileRef = 35EAB5A329AB6D70006B7522 /* CityModel.swift */; };
		35EAB5A629AB6DBB006B7522 /* CityViewModel.swift in Sources */ = {isa = PBXBuildFile; fileRef = 35EAB5A529AB6DBB006B7522 /* CityViewModel.swift */; };
		35EAB5A929AB7456006B7522 /* Configuration.swift in Sources */ = {isa = PBXBuildFile; fileRef = 35EAB5A829AB7456006B7522 /* Configuration.swift */; };
		35EAB5B429AB7E83006B7522 /* WeatherViewModel.swift in Sources */ = {isa = PBXBuildFile; fileRef = 35EAB5AE29AB7E83006B7522 /* WeatherViewModel.swift */; };
		35EAB5B629AB7E83006B7522 /* WeatherModel.swift in Sources */ = {isa = PBXBuildFile; fileRef = 35EAB5B129AB7E83006B7522 /* WeatherModel.swift */; };
		35EAB5B729AB7E83006B7522 /* WeatherDetailViewController.swift in Sources */ = {isa = PBXBuildFile; fileRef = 35EAB5B329AB7E83006B7522 /* WeatherDetailViewController.swift */; };
		35EAB5B929ABBA76006B7522 /* UITableView+Extension.swift in Sources */ = {isa = PBXBuildFile; fileRef = 35EAB5B829ABBA76006B7522 /* UITableView+Extension.swift */; };
		35EAB5BC29ABC304006B7522 /* CitiesDataSource.swift in Sources */ = {isa = PBXBuildFile; fileRef = 35EAB5BB29ABC304006B7522 /* CitiesDataSource.swift */; };
		35EAB5C029ABC3EA006B7522 /* CityViewCell.swift in Sources */ = {isa = PBXBuildFile; fileRef = 35EAB5BE29ABC3EA006B7522 /* CityViewCell.swift */; };
		35EAB5C129ABC3EA006B7522 /* CityViewCell.xib in Resources */ = {isa = PBXBuildFile; fileRef = 35EAB5BF29ABC3EA006B7522 /* CityViewCell.xib */; };
/* End PBXBuildFile section */

/* Begin PBXContainerItemProxy section */
		35920D6E29AAC59D00F2109F /* PBXContainerItemProxy */ = {
			isa = PBXContainerItemProxy;
			containerPortal = 35920D3E29AAC2C600F2109F /* Project object */;
			proxyType = 1;
			remoteGlobalIDString = 35920D6229AAC59D00F2109F;
			remoteInfo = PSAWeather.Remote;
		};
		35920D7029AAC59D00F2109F /* PBXContainerItemProxy */ = {
			isa = PBXContainerItemProxy;
			containerPortal = 35920D3E29AAC2C600F2109F /* Project object */;
			proxyType = 1;
			remoteGlobalIDString = 35920D4529AAC2C600F2109F;
			remoteInfo = PSAWeather.UI;
		};
		35920D7629AAC59D00F2109F /* PBXContainerItemProxy */ = {
			isa = PBXContainerItemProxy;
			containerPortal = 35920D3E29AAC2C600F2109F /* Project object */;
			proxyType = 1;
			remoteGlobalIDString = 35920D6229AAC59D00F2109F;
			remoteInfo = PSAWeather.Remote;
		};
/* End PBXContainerItemProxy section */

/* Begin PBXCopyFilesBuildPhase section */
		35920D7D29AAC59D00F2109F /* Embed Frameworks */ = {
			isa = PBXCopyFilesBuildPhase;
			buildActionMask = 2147483647;
			dstPath = "";
			dstSubfolderSpec = 10;
			files = (
				35920D7929AAC59D00F2109F /* PSAWeather_Remote.framework in Embed Frameworks */,
			);
			name = "Embed Frameworks";
			runOnlyForDeploymentPostprocessing = 0;
		};
/* End PBXCopyFilesBuildPhase section */

/* Begin PBXFileReference section */
		35920D4629AAC2C600F2109F /* PSAWeather.UI.app */ = {isa = PBXFileReference; explicitFileType = wrapper.application; includeInIndex = 0; path = PSAWeather.UI.app; sourceTree = BUILT_PRODUCTS_DIR; };
		35920D4929AAC2C600F2109F /* AppDelegate.swift */ = {isa = PBXFileReference; lastKnownFileType = sourcecode.swift; path = AppDelegate.swift; sourceTree = "<group>"; };
		35920D5029AAC2C600F2109F /* Base */ = {isa = PBXFileReference; lastKnownFileType = file.storyboard; name = Base; path = Base.lproj/Main.storyboard; sourceTree = "<group>"; };
		35920D5229AAC2C800F2109F /* Assets.xcassets */ = {isa = PBXFileReference; lastKnownFileType = folder.assetcatalog; path = Assets.xcassets; sourceTree = "<group>"; };
		35920D5529AAC2C800F2109F /* Base */ = {isa = PBXFileReference; lastKnownFileType = file.storyboard; name = Base; path = Base.lproj/LaunchScreen.storyboard; sourceTree = "<group>"; };
		35920D5729AAC2C800F2109F /* Info.plist */ = {isa = PBXFileReference; lastKnownFileType = text.plist.xml; path = Info.plist; sourceTree = "<group>"; };
		35920D6329AAC59D00F2109F /* PSAWeather_Remote.framework */ = {isa = PBXFileReference; explicitFileType = wrapper.framework; includeInIndex = 0; path = PSAWeather_Remote.framework; sourceTree = BUILT_PRODUCTS_DIR; };
		35920D6529AAC59D00F2109F /* PSAWeather_Remote.h */ = {isa = PBXFileReference; lastKnownFileType = sourcecode.c.h; path = PSAWeather_Remote.h; sourceTree = "<group>"; };
		35920D6629AAC59D00F2109F /* PSAWeather_Remote.docc */ = {isa = PBXFileReference; lastKnownFileType = folder.documentationcatalog; path = PSAWeather_Remote.docc; sourceTree = "<group>"; };
		35920D6C29AAC59D00F2109F /* PSAWeather.RemoteTests.xctest */ = {isa = PBXFileReference; explicitFileType = wrapper.cfbundle; includeInIndex = 0; path = PSAWeather.RemoteTests.xctest; sourceTree = BUILT_PRODUCTS_DIR; };
		35920D7329AAC59D00F2109F /* PSAWeather_RemoteTests.swift */ = {isa = PBXFileReference; lastKnownFileType = sourcecode.swift; path = PSAWeather_RemoteTests.swift; sourceTree = "<group>"; };
		35920D8129AAC80900F2109F /* NetworkManager.swift */ = {isa = PBXFileReference; lastKnownFileType = sourcecode.swift; path = NetworkManager.swift; sourceTree = "<group>"; };
		35EAB55229AB564A006B7522 /* CitiesViewController.swift */ = {isa = PBXFileReference; lastKnownFileType = sourcecode.swift; path = CitiesViewController.swift; sourceTree = "<group>"; };
		35EAB55A29AB58D6006B7522 /* UIViewController+Extensions.swift */ = {isa = PBXFileReference; lastKnownFileType = sourcecode.swift; path = "UIViewController+Extensions.swift"; sourceTree = "<group>"; };
		35EAB5A329AB6D70006B7522 /* CityModel.swift */ = {isa = PBXFileReference; lastKnownFileType = sourcecode.swift; path = CityModel.swift; sourceTree = "<group>"; };
		35EAB5A529AB6DBB006B7522 /* CityViewModel.swift */ = {isa = PBXFileReference; lastKnownFileType = sourcecode.swift; path = CityViewModel.swift; sourceTree = "<group>"; };
		35EAB5A829AB7456006B7522 /* Configuration.swift */ = {isa = PBXFileReference; lastKnownFileType = sourcecode.swift; path = Configuration.swift; sourceTree = "<group>"; };
		35EAB5AE29AB7E83006B7522 /* WeatherViewModel.swift */ = {isa = PBXFileReference; fileEncoding = 4; lastKnownFileType = sourcecode.swift; path = WeatherViewModel.swift; sourceTree = "<group>"; };
		35EAB5B129AB7E83006B7522 /* WeatherModel.swift */ = {isa = PBXFileReference; fileEncoding = 4; lastKnownFileType = sourcecode.swift; path = WeatherModel.swift; sourceTree = "<group>"; };
		35EAB5B329AB7E83006B7522 /* WeatherDetailViewController.swift */ = {isa = PBXFileReference; fileEncoding = 4; lastKnownFileType = sourcecode.swift; path = WeatherDetailViewController.swift; sourceTree = "<group>"; };
		35EAB5B829ABBA76006B7522 /* UITableView+Extension.swift */ = {isa = PBXFileReference; lastKnownFileType = sourcecode.swift; path = "UITableView+Extension.swift"; sourceTree = "<group>"; };
		35EAB5BB29ABC304006B7522 /* CitiesDataSource.swift */ = {isa = PBXFileReference; lastKnownFileType = sourcecode.swift; path = CitiesDataSource.swift; sourceTree = "<group>"; };
		35EAB5BE29ABC3EA006B7522 /* CityViewCell.swift */ = {isa = PBXFileReference; lastKnownFileType = sourcecode.swift; path = CityViewCell.swift; sourceTree = "<group>"; };
		35EAB5BF29ABC3EA006B7522 /* CityViewCell.xib */ = {isa = PBXFileReference; lastKnownFileType = file.xib; path = CityViewCell.xib; sourceTree = "<group>"; };
/* End PBXFileReference section */

/* Begin PBXFrameworksBuildPhase section */
		35920D4329AAC2C600F2109F /* Frameworks */ = {
			isa = PBXFrameworksBuildPhase;
			buildActionMask = 2147483647;
			files = (
				35920D7829AAC59D00F2109F /* PSAWeather_Remote.framework in Frameworks */,
			);
			runOnlyForDeploymentPostprocessing = 0;
		};
		35920D6029AAC59D00F2109F /* Frameworks */ = {
			isa = PBXFrameworksBuildPhase;
			buildActionMask = 2147483647;
			files = (
			);
			runOnlyForDeploymentPostprocessing = 0;
		};
		35920D6929AAC59D00F2109F /* Frameworks */ = {
			isa = PBXFrameworksBuildPhase;
			buildActionMask = 2147483647;
			files = (
				35920D6D29AAC59D00F2109F /* PSAWeather_Remote.framework in Frameworks */,
			);
			runOnlyForDeploymentPostprocessing = 0;
		};
/* End PBXFrameworksBuildPhase section */

/* Begin PBXGroup section */
		35920D3D29AAC2C600F2109F = {
			isa = PBXGroup;
			children = (
				35920D4829AAC2C600F2109F /* PSAWeather.UI */,
				35920D6429AAC59D00F2109F /* PSAWeather.Remote */,
				35920D7229AAC59D00F2109F /* PSAWeather.RemoteTests */,
				35920D4729AAC2C600F2109F /* Products */,
			);
			sourceTree = "<group>";
		};
		35920D4729AAC2C600F2109F /* Products */ = {
			isa = PBXGroup;
			children = (
				35920D4629AAC2C600F2109F /* PSAWeather.UI.app */,
				35920D6329AAC59D00F2109F /* PSAWeather_Remote.framework */,
				35920D6C29AAC59D00F2109F /* PSAWeather.RemoteTests.xctest */,
			);
			name = Products;
			sourceTree = "<group>";
		};
		35920D4829AAC2C600F2109F /* PSAWeather.UI */ = {
			isa = PBXGroup;
			children = (
				35EAB5C229ABC4F1006B7522 /* LocalStorage */,
				35EAB55929AB5890006B7522 /* Extensions */,
				35EAB55029AB55AF006B7522 /* Screens */,
				35920D4929AAC2C600F2109F /* AppDelegate.swift */,
				35920D4F29AAC2C600F2109F /* Main.storyboard */,
				35920D5D29AAC33C00F2109F /* Resources */,
			);
			path = PSAWeather.UI;
			sourceTree = "<group>";
		};
		35920D5D29AAC33C00F2109F /* Resources */ = {
			isa = PBXGroup;
			children = (
				35920D5229AAC2C800F2109F /* Assets.xcassets */,
				35920D5429AAC2C800F2109F /* LaunchScreen.storyboard */,
				35920D5729AAC2C800F2109F /* Info.plist */,
			);
			path = Resources;
			sourceTree = "<group>";
		};
		35920D6429AAC59D00F2109F /* PSAWeather.Remote */ = {
			isa = PBXGroup;
			children = (
				35920D6529AAC59D00F2109F /* PSAWeather_Remote.h */,
				35EAB5A829AB7456006B7522 /* Configuration.swift */,
				35920D8129AAC80900F2109F /* NetworkManager.swift */,
				35920D6629AAC59D00F2109F /* PSAWeather_Remote.docc */,
			);
			path = PSAWeather.Remote;
			sourceTree = "<group>";
		};
		35920D7229AAC59D00F2109F /* PSAWeather.RemoteTests */ = {
			isa = PBXGroup;
			children = (
				35920D7329AAC59D00F2109F /* PSAWeather_RemoteTests.swift */,
			);
			path = PSAWeather.RemoteTests;
			sourceTree = "<group>";
		};
		35EAB55029AB55AF006B7522 /* Screens */ = {
			isa = PBXGroup;
			children = (
				35EAB5AC29AB7E04006B7522 /* WeatherDetail */,
				35EAB55129AB55D7006B7522 /* CitiesList */,
			);
			path = Screens;
			sourceTree = "<group>";
		};
		35EAB55129AB55D7006B7522 /* CitiesList */ = {
			isa = PBXGroup;
			children = (
				35EAB5BA29ABBAB9006B7522 /* DataSource */,
				35EAB55829AB56C4006B7522 /* ViewModels */,
				35EAB55729AB56B8006B7522 /* Models */,
				35EAB55629AB569C006B7522 /* Views */,
			);
			path = CitiesList;
			sourceTree = "<group>";
		};
		35EAB55629AB569C006B7522 /* Views */ = {
			isa = PBXGroup;
			children = (
				35EAB55229AB564A006B7522 /* CitiesViewController.swift */,
				35EAB5BD29ABC3BA006B7522 /* Cells */,
			);
			path = Views;
			sourceTree = "<group>";
		};
		35EAB55729AB56B8006B7522 /* Models */ = {
			isa = PBXGroup;
			children = (
				35EAB5A329AB6D70006B7522 /* CityModel.swift */,
			);
			path = Models;
			sourceTree = "<group>";
		};
		35EAB55829AB56C4006B7522 /* ViewModels */ = {
			isa = PBXGroup;
			children = (
				35EAB5A529AB6DBB006B7522 /* CityViewModel.swift */,
			);
			path = ViewModels;
			sourceTree = "<group>";
		};
		35EAB55929AB5890006B7522 /* Extensions */ = {
			isa = PBXGroup;
			children = (
				35EAB55A29AB58D6006B7522 /* UIViewController+Extensions.swift */,
				35EAB5B829ABBA76006B7522 /* UITableView+Extension.swift */,
			);
			path = Extensions;
			sourceTree = "<group>";
		};
		35EAB5AC29AB7E04006B7522 /* WeatherDetail */ = {
			isa = PBXGroup;
			children = (
				35EAB5AD29AB7E83006B7522 /* ViewModels */,
				35EAB5AF29AB7E83006B7522 /* Models */,
				35EAB5B229AB7E83006B7522 /* Views */,
			);
			path = WeatherDetail;
			sourceTree = "<group>";
		};
		35EAB5AD29AB7E83006B7522 /* ViewModels */ = {
			isa = PBXGroup;
			children = (
				35EAB5AE29AB7E83006B7522 /* WeatherViewModel.swift */,
			);
			path = ViewModels;
			sourceTree = "<group>";
		};
		35EAB5AF29AB7E83006B7522 /* Models */ = {
			isa = PBXGroup;
			children = (
				35EAB5B129AB7E83006B7522 /* WeatherModel.swift */,
			);
			path = Models;
			sourceTree = "<group>";
		};
		35EAB5B229AB7E83006B7522 /* Views */ = {
			isa = PBXGroup;
			children = (
				35EAB5B329AB7E83006B7522 /* WeatherDetailViewController.swift */,
			);
			path = Views;
			sourceTree = "<group>";
		};
		35EAB5BA29ABBAB9006B7522 /* DataSource */ = {
			isa = PBXGroup;
			children = (
				35EAB5BB29ABC304006B7522 /* CitiesDataSource.swift */,
			);
			path = DataSource;
			sourceTree = "<group>";
		};
		35EAB5BD29ABC3BA006B7522 /* Cells */ = {
			isa = PBXGroup;
			children = (
				35EAB5BE29ABC3EA006B7522 /* CityViewCell.swift */,
				35EAB5BF29ABC3EA006B7522 /* CityViewCell.xib */,
			);
			path = Cells;
			sourceTree = "<group>";
		};
		35EAB5C229ABC4F1006B7522 /* LocalStorage */ = {
			isa = PBXGroup;
			children = (
			);
			path = LocalStorage;
			sourceTree = "<group>";
		};
/* End PBXGroup section */

/* Begin PBXHeadersBuildPhase section */
		35920D5E29AAC59D00F2109F /* Headers */ = {
			isa = PBXHeadersBuildPhase;
			buildActionMask = 2147483647;
			files = (
				35920D7529AAC59D00F2109F /* PSAWeather_Remote.h in Headers */,
			);
			runOnlyForDeploymentPostprocessing = 0;
		};
/* End PBXHeadersBuildPhase section */

/* Begin PBXNativeTarget section */
		35920D4529AAC2C600F2109F /* PSAWeather.UI */ = {
			isa = PBXNativeTarget;
			buildConfigurationList = 35920D5A29AAC2C800F2109F /* Build configuration list for PBXNativeTarget "PSAWeather.UI" */;
			buildPhases = (
				35920D4229AAC2C600F2109F /* Sources */,
				35920D4329AAC2C600F2109F /* Frameworks */,
				35920D4429AAC2C600F2109F /* Resources */,
				35920D7D29AAC59D00F2109F /* Embed Frameworks */,
			);
			buildRules = (
			);
			dependencies = (
				35920D7729AAC59D00F2109F /* PBXTargetDependency */,
			);
			name = PSAWeather.UI;
			productName = PSAWeather.UI;
			productReference = 35920D4629AAC2C600F2109F /* PSAWeather.UI.app */;
			productType = "com.apple.product-type.application";
		};
		35920D6229AAC59D00F2109F /* PSAWeather.Remote */ = {
			isa = PBXNativeTarget;
			buildConfigurationList = 35920D7A29AAC59D00F2109F /* Build configuration list for PBXNativeTarget "PSAWeather.Remote" */;
			buildPhases = (
				35920D5E29AAC59D00F2109F /* Headers */,
				35920D5F29AAC59D00F2109F /* Sources */,
				35920D6029AAC59D00F2109F /* Frameworks */,
				35920D6129AAC59D00F2109F /* Resources */,
			);
			buildRules = (
			);
			dependencies = (
			);
			name = PSAWeather.Remote;
			productName = PSAWeather.Remote;
			productReference = 35920D6329AAC59D00F2109F /* PSAWeather_Remote.framework */;
			productType = "com.apple.product-type.framework";
		};
		35920D6B29AAC59D00F2109F /* PSAWeather.RemoteTests */ = {
			isa = PBXNativeTarget;
			buildConfigurationList = 35920D7E29AAC59D00F2109F /* Build configuration list for PBXNativeTarget "PSAWeather.RemoteTests" */;
			buildPhases = (
				35920D6829AAC59D00F2109F /* Sources */,
				35920D6929AAC59D00F2109F /* Frameworks */,
				35920D6A29AAC59D00F2109F /* Resources */,
			);
			buildRules = (
			);
			dependencies = (
				35920D6F29AAC59D00F2109F /* PBXTargetDependency */,
				35920D7129AAC59D00F2109F /* PBXTargetDependency */,
			);
			name = PSAWeather.RemoteTests;
			productName = PSAWeather.RemoteTests;
			productReference = 35920D6C29AAC59D00F2109F /* PSAWeather.RemoteTests.xctest */;
			productType = "com.apple.product-type.bundle.unit-test";
		};
/* End PBXNativeTarget section */

/* Begin PBXProject section */
		35920D3E29AAC2C600F2109F /* Project object */ = {
			isa = PBXProject;
			attributes = {
				BuildIndependentTargetsInParallel = 1;
				LastSwiftUpdateCheck = 1420;
				LastUpgradeCheck = 1420;
				TargetAttributes = {
					35920D4529AAC2C600F2109F = {
						CreatedOnToolsVersion = 14.2;
					};
					35920D6229AAC59D00F2109F = {
						CreatedOnToolsVersion = 14.2;
					};
					35920D6B29AAC59D00F2109F = {
						CreatedOnToolsVersion = 14.2;
						TestTargetID = 35920D4529AAC2C600F2109F;
					};
				};
			};
			buildConfigurationList = 35920D4129AAC2C600F2109F /* Build configuration list for PBXProject "PSAWeather.UI" */;
			compatibilityVersion = "Xcode 14.0";
			developmentRegion = en;
			hasScannedForEncodings = 0;
			knownRegions = (
				en,
				Base,
			);
			mainGroup = 35920D3D29AAC2C600F2109F;
			productRefGroup = 35920D4729AAC2C600F2109F /* Products */;
			projectDirPath = "";
			projectRoot = "";
			targets = (
				35920D4529AAC2C600F2109F /* PSAWeather.UI */,
				35920D6229AAC59D00F2109F /* PSAWeather.Remote */,
				35920D6B29AAC59D00F2109F /* PSAWeather.RemoteTests */,
			);
		};
/* End PBXProject section */

/* Begin PBXResourcesBuildPhase section */
		35920D4429AAC2C600F2109F /* Resources */ = {
			isa = PBXResourcesBuildPhase;
			buildActionMask = 2147483647;
			files = (
				35920D5629AAC2C800F2109F /* LaunchScreen.storyboard in Resources */,
				35EAB5C129ABC3EA006B7522 /* CityViewCell.xib in Resources */,
				35920D5329AAC2C800F2109F /* Assets.xcassets in Resources */,
				35920D5129AAC2C600F2109F /* Main.storyboard in Resources */,
			);
			runOnlyForDeploymentPostprocessing = 0;
		};
		35920D6129AAC59D00F2109F /* Resources */ = {
			isa = PBXResourcesBuildPhase;
			buildActionMask = 2147483647;
			files = (
			);
			runOnlyForDeploymentPostprocessing = 0;
		};
		35920D6A29AAC59D00F2109F /* Resources */ = {
			isa = PBXResourcesBuildPhase;
			buildActionMask = 2147483647;
			files = (
			);
			runOnlyForDeploymentPostprocessing = 0;
		};
/* End PBXResourcesBuildPhase section */

/* Begin PBXSourcesBuildPhase section */
		35920D4229AAC2C600F2109F /* Sources */ = {
			isa = PBXSourcesBuildPhase;
			buildActionMask = 2147483647;
			files = (
				35EAB5A429AB6D70006B7522 /* CityModel.swift in Sources */,
				35EAB5B429AB7E83006B7522 /* WeatherViewModel.swift in Sources */,
				35EAB5B929ABBA76006B7522 /* UITableView+Extension.swift in Sources */,
				35EAB5BC29ABC304006B7522 /* CitiesDataSource.swift in Sources */,
				35EAB5A629AB6DBB006B7522 /* CityViewModel.swift in Sources */,
				35EAB5B729AB7E83006B7522 /* WeatherDetailViewController.swift in Sources */,
				35920D4A29AAC2C600F2109F /* AppDelegate.swift in Sources */,
				35EAB5B629AB7E83006B7522 /* WeatherModel.swift in Sources */,
				35EAB5C029ABC3EA006B7522 /* CityViewCell.swift in Sources */,
				35EAB55B29AB58D6006B7522 /* UIViewController+Extensions.swift in Sources */,
				35EAB55429AB564A006B7522 /* CitiesViewController.swift in Sources */,
			);
			runOnlyForDeploymentPostprocessing = 0;
		};
		35920D5F29AAC59D00F2109F /* Sources */ = {
			isa = PBXSourcesBuildPhase;
			buildActionMask = 2147483647;
			files = (
				35EAB5A929AB7456006B7522 /* Configuration.swift in Sources */,
				35920D8229AAC80900F2109F /* NetworkManager.swift in Sources */,
				35920D6729AAC59D00F2109F /* PSAWeather_Remote.docc in Sources */,
			);
			runOnlyForDeploymentPostprocessing = 0;
		};
		35920D6829AAC59D00F2109F /* Sources */ = {
			isa = PBXSourcesBuildPhase;
			buildActionMask = 2147483647;
			files = (
				35920D7429AAC59D00F2109F /* PSAWeather_RemoteTests.swift in Sources */,
			);
			runOnlyForDeploymentPostprocessing = 0;
		};
/* End PBXSourcesBuildPhase section */

/* Begin PBXTargetDependency section */
		35920D6F29AAC59D00F2109F /* PBXTargetDependency */ = {
			isa = PBXTargetDependency;
			target = 35920D6229AAC59D00F2109F /* PSAWeather.Remote */;
			targetProxy = 35920D6E29AAC59D00F2109F /* PBXContainerItemProxy */;
		};
		35920D7129AAC59D00F2109F /* PBXTargetDependency */ = {
			isa = PBXTargetDependency;
			target = 35920D4529AAC2C600F2109F /* PSAWeather.UI */;
			targetProxy = 35920D7029AAC59D00F2109F /* PBXContainerItemProxy */;
		};
		35920D7729AAC59D00F2109F /* PBXTargetDependency */ = {
			isa = PBXTargetDependency;
			target = 35920D6229AAC59D00F2109F /* PSAWeather.Remote */;
			targetProxy = 35920D7629AAC59D00F2109F /* PBXContainerItemProxy */;
		};
/* End PBXTargetDependency section */

/* Begin PBXVariantGroup section */
		35920D4F29AAC2C600F2109F /* Main.storyboard */ = {
			isa = PBXVariantGroup;
			children = (
				35920D5029AAC2C600F2109F /* Base */,
			);
			name = Main.storyboard;
			sourceTree = "<group>";
		};
		35920D5429AAC2C800F2109F /* LaunchScreen.storyboard */ = {
			isa = PBXVariantGroup;
			children = (
				35920D5529AAC2C800F2109F /* Base */,
			);
			name = LaunchScreen.storyboard;
			sourceTree = "<group>";
		};
/* End PBXVariantGroup section */

/* Begin XCBuildConfiguration section */
		35920D5829AAC2C800F2109F /* Debug */ = {
			isa = XCBuildConfiguration;
			buildSettings = {
				ALWAYS_SEARCH_USER_PATHS = NO;
				CLANG_ANALYZER_NONNULL = YES;
				CLANG_ANALYZER_NUMBER_OBJECT_CONVERSION = YES_AGGRESSIVE;
				CLANG_CXX_LANGUAGE_STANDARD = "gnu++20";
				CLANG_ENABLE_MODULES = YES;
				CLANG_ENABLE_OBJC_ARC = YES;
				CLANG_ENABLE_OBJC_WEAK = YES;
				CLANG_WARN_BLOCK_CAPTURE_AUTORELEASING = YES;
				CLANG_WARN_BOOL_CONVERSION = YES;
				CLANG_WARN_COMMA = YES;
				CLANG_WARN_CONSTANT_CONVERSION = YES;
				CLANG_WARN_DEPRECATED_OBJC_IMPLEMENTATIONS = YES;
				CLANG_WARN_DIRECT_OBJC_ISA_USAGE = YES_ERROR;
				CLANG_WARN_DOCUMENTATION_COMMENTS = YES;
				CLANG_WARN_EMPTY_BODY = YES;
				CLANG_WARN_ENUM_CONVERSION = YES;
				CLANG_WARN_INFINITE_RECURSION = YES;
				CLANG_WARN_INT_CONVERSION = YES;
				CLANG_WARN_NON_LITERAL_NULL_CONVERSION = YES;
				CLANG_WARN_OBJC_IMPLICIT_RETAIN_SELF = YES;
				CLANG_WARN_OBJC_LITERAL_CONVERSION = YES;
				CLANG_WARN_OBJC_ROOT_CLASS = YES_ERROR;
				CLANG_WARN_QUOTED_INCLUDE_IN_FRAMEWORK_HEADER = YES;
				CLANG_WARN_RANGE_LOOP_ANALYSIS = YES;
				CLANG_WARN_STRICT_PROTOTYPES = YES;
				CLANG_WARN_SUSPICIOUS_MOVE = YES;
				CLANG_WARN_UNGUARDED_AVAILABILITY = YES_AGGRESSIVE;
				CLANG_WARN_UNREACHABLE_CODE = YES;
				CLANG_WARN__DUPLICATE_METHOD_MATCH = YES;
				COPY_PHASE_STRIP = NO;
				DEBUG_INFORMATION_FORMAT = dwarf;
				ENABLE_STRICT_OBJC_MSGSEND = YES;
				ENABLE_TESTABILITY = YES;
				GCC_C_LANGUAGE_STANDARD = gnu11;
				GCC_DYNAMIC_NO_PIC = NO;
				GCC_NO_COMMON_BLOCKS = YES;
				GCC_OPTIMIZATION_LEVEL = 0;
				GCC_PREPROCESSOR_DEFINITIONS = (
					"DEBUG=1",
					"$(inherited)",
				);
				GCC_WARN_64_TO_32_BIT_CONVERSION = YES;
				GCC_WARN_ABOUT_RETURN_TYPE = YES_ERROR;
				GCC_WARN_UNDECLARED_SELECTOR = YES;
				GCC_WARN_UNINITIALIZED_AUTOS = YES_AGGRESSIVE;
				GCC_WARN_UNUSED_FUNCTION = YES;
				GCC_WARN_UNUSED_VARIABLE = YES;
				IPHONEOS_DEPLOYMENT_TARGET = 16.2;
				MTL_ENABLE_DEBUG_INFO = INCLUDE_SOURCE;
				MTL_FAST_MATH = YES;
				ONLY_ACTIVE_ARCH = YES;
				SDKROOT = iphoneos;
				SWIFT_ACTIVE_COMPILATION_CONDITIONS = DEBUG;
				SWIFT_OPTIMIZATION_LEVEL = "-Onone";
			};
			name = Debug;
		};
		35920D5929AAC2C800F2109F /* Release */ = {
			isa = XCBuildConfiguration;
			buildSettings = {
				ALWAYS_SEARCH_USER_PATHS = NO;
				CLANG_ANALYZER_NONNULL = YES;
				CLANG_ANALYZER_NUMBER_OBJECT_CONVERSION = YES_AGGRESSIVE;
				CLANG_CXX_LANGUAGE_STANDARD = "gnu++20";
				CLANG_ENABLE_MODULES = YES;
				CLANG_ENABLE_OBJC_ARC = YES;
				CLANG_ENABLE_OBJC_WEAK = YES;
				CLANG_WARN_BLOCK_CAPTURE_AUTORELEASING = YES;
				CLANG_WARN_BOOL_CONVERSION = YES;
				CLANG_WARN_COMMA = YES;
				CLANG_WARN_CONSTANT_CONVERSION = YES;
				CLANG_WARN_DEPRECATED_OBJC_IMPLEMENTATIONS = YES;
				CLANG_WARN_DIRECT_OBJC_ISA_USAGE = YES_ERROR;
				CLANG_WARN_DOCUMENTATION_COMMENTS = YES;
				CLANG_WARN_EMPTY_BODY = YES;
				CLANG_WARN_ENUM_CONVERSION = YES;
				CLANG_WARN_INFINITE_RECURSION = YES;
				CLANG_WARN_INT_CONVERSION = YES;
				CLANG_WARN_NON_LITERAL_NULL_CONVERSION = YES;
				CLANG_WARN_OBJC_IMPLICIT_RETAIN_SELF = YES;
				CLANG_WARN_OBJC_LITERAL_CONVERSION = YES;
				CLANG_WARN_OBJC_ROOT_CLASS = YES_ERROR;
				CLANG_WARN_QUOTED_INCLUDE_IN_FRAMEWORK_HEADER = YES;
				CLANG_WARN_RANGE_LOOP_ANALYSIS = YES;
				CLANG_WARN_STRICT_PROTOTYPES = YES;
				CLANG_WARN_SUSPICIOUS_MOVE = YES;
				CLANG_WARN_UNGUARDED_AVAILABILITY = YES_AGGRESSIVE;
				CLANG_WARN_UNREACHABLE_CODE = YES;
				CLANG_WARN__DUPLICATE_METHOD_MATCH = YES;
				COPY_PHASE_STRIP = NO;
				DEBUG_INFORMATION_FORMAT = "dwarf-with-dsym";
				ENABLE_NS_ASSERTIONS = NO;
				ENABLE_STRICT_OBJC_MSGSEND = YES;
				GCC_C_LANGUAGE_STANDARD = gnu11;
				GCC_NO_COMMON_BLOCKS = YES;
				GCC_WARN_64_TO_32_BIT_CONVERSION = YES;
				GCC_WARN_ABOUT_RETURN_TYPE = YES_ERROR;
				GCC_WARN_UNDECLARED_SELECTOR = YES;
				GCC_WARN_UNINITIALIZED_AUTOS = YES_AGGRESSIVE;
				GCC_WARN_UNUSED_FUNCTION = YES;
				GCC_WARN_UNUSED_VARIABLE = YES;
				IPHONEOS_DEPLOYMENT_TARGET = 16.2;
				MTL_ENABLE_DEBUG_INFO = NO;
				MTL_FAST_MATH = YES;
				SDKROOT = iphoneos;
				SWIFT_COMPILATION_MODE = wholemodule;
				SWIFT_OPTIMIZATION_LEVEL = "-O";
				VALIDATE_PRODUCT = YES;
			};
			name = Release;
		};
		35920D5B29AAC2C800F2109F /* Debug */ = {
			isa = XCBuildConfiguration;
			buildSettings = {
				ALWAYS_EMBED_SWIFT_STANDARD_LIBRARIES = YES;
				ASSETCATALOG_COMPILER_APPICON_NAME = AppIcon;
				ASSETCATALOG_COMPILER_GLOBAL_ACCENT_COLOR_NAME = AccentColor;
				CODE_SIGN_STYLE = Automatic;
				CURRENT_PROJECT_VERSION = 1;
				DEVELOPMENT_TEAM = VTVSHTUS6K;
				GENERATE_INFOPLIST_FILE = YES;
				INFOPLIST_FILE = PSAWeather.UI/Resources/Info.plist;
				INFOPLIST_KEY_UIApplicationSupportsIndirectInputEvents = YES;
				INFOPLIST_KEY_UILaunchStoryboardName = LaunchScreen.storyboard;
				INFOPLIST_KEY_UIMainStoryboardFile = Main;
				INFOPLIST_KEY_UISupportedInterfaceOrientations_iPad = "UIInterfaceOrientationPortrait UIInterfaceOrientationPortraitUpsideDown UIInterfaceOrientationLandscapeLeft UIInterfaceOrientationLandscapeRight";
				INFOPLIST_KEY_UISupportedInterfaceOrientations_iPhone = "UIInterfaceOrientationPortrait UIInterfaceOrientationLandscapeLeft UIInterfaceOrientationLandscapeRight";
				IPHONEOS_DEPLOYMENT_TARGET = 11.0;
				LD_RUNPATH_SEARCH_PATHS = (
					"$(inherited)",
					"@executable_path/Frameworks",
				);
				MARKETING_VERSION = 1.0;
				PRODUCT_BUNDLE_IDENTIFIER = "com.walid.PSAWeather-UI";
				PRODUCT_NAME = "$(TARGET_NAME)";
				SWIFT_EMIT_LOC_STRINGS = YES;
				SWIFT_VERSION = 5.0;
				TARGETED_DEVICE_FAMILY = "1,2";
			};
			name = Debug;
		};
		35920D5C29AAC2C800F2109F /* Release */ = {
			isa = XCBuildConfiguration;
			buildSettings = {
				ALWAYS_EMBED_SWIFT_STANDARD_LIBRARIES = YES;
				ASSETCATALOG_COMPILER_APPICON_NAME = AppIcon;
				ASSETCATALOG_COMPILER_GLOBAL_ACCENT_COLOR_NAME = AccentColor;
				CODE_SIGN_STYLE = Automatic;
				CURRENT_PROJECT_VERSION = 1;
				DEVELOPMENT_TEAM = VTVSHTUS6K;
				GENERATE_INFOPLIST_FILE = YES;
				INFOPLIST_FILE = PSAWeather.UI/Resources/Info.plist;
				INFOPLIST_KEY_UIApplicationSupportsIndirectInputEvents = YES;
				INFOPLIST_KEY_UILaunchStoryboardName = LaunchScreen.storyboard;
				INFOPLIST_KEY_UIMainStoryboardFile = Main;
				INFOPLIST_KEY_UISupportedInterfaceOrientations_iPad = "UIInterfaceOrientationPortrait UIInterfaceOrientationPortraitUpsideDown UIInterfaceOrientationLandscapeLeft UIInterfaceOrientationLandscapeRight";
				INFOPLIST_KEY_UISupportedInterfaceOrientations_iPhone = "UIInterfaceOrientationPortrait UIInterfaceOrientationLandscapeLeft UIInterfaceOrientationLandscapeRight";
				IPHONEOS_DEPLOYMENT_TARGET = 11.0;
				LD_RUNPATH_SEARCH_PATHS = (
					"$(inherited)",
					"@executable_path/Frameworks",
				);
				MARKETING_VERSION = 1.0;
				PRODUCT_BUNDLE_IDENTIFIER = "com.walid.PSAWeather-UI";
				PRODUCT_NAME = "$(TARGET_NAME)";
				SWIFT_EMIT_LOC_STRINGS = YES;
				SWIFT_VERSION = 5.0;
				TARGETED_DEVICE_FAMILY = "1,2";
			};
			name = Release;
		};
		35920D7B29AAC59D00F2109F /* Debug */ = {
			isa = XCBuildConfiguration;
			buildSettings = {
				CODE_SIGN_STYLE = Automatic;
				CURRENT_PROJECT_VERSION = 1;
				DEFINES_MODULE = YES;
				DEVELOPMENT_TEAM = VTVSHTUS6K;
				DYLIB_COMPATIBILITY_VERSION = 1;
				DYLIB_CURRENT_VERSION = 1;
				DYLIB_INSTALL_NAME_BASE = "@rpath";
				GENERATE_INFOPLIST_FILE = YES;
				INFOPLIST_KEY_NSHumanReadableCopyright = "";
				INSTALL_PATH = "$(LOCAL_LIBRARY_DIR)/Frameworks";
				IPHONEOS_DEPLOYMENT_TARGET = 11.0;
				LD_RUNPATH_SEARCH_PATHS = (
					"$(inherited)",
					"@executable_path/Frameworks",
					"@loader_path/Frameworks",
				);
				MARKETING_VERSION = 1.0;
				PRODUCT_BUNDLE_IDENTIFIER = "com.walid.PSAWeather-Remote";
				PRODUCT_NAME = "$(TARGET_NAME:c99extidentifier)";
				SKIP_INSTALL = YES;
				SWIFT_EMIT_LOC_STRINGS = YES;
				SWIFT_VERSION = 5.0;
				TARGETED_DEVICE_FAMILY = "1,2";
				VERSIONING_SYSTEM = "apple-generic";
				VERSION_INFO_PREFIX = "";
			};
			name = Debug;
		};
		35920D7C29AAC59D00F2109F /* Release */ = {
			isa = XCBuildConfiguration;
			buildSettings = {
				CODE_SIGN_STYLE = Automatic;
				CURRENT_PROJECT_VERSION = 1;
				DEFINES_MODULE = YES;
				DEVELOPMENT_TEAM = VTVSHTUS6K;
				DYLIB_COMPATIBILITY_VERSION = 1;
				DYLIB_CURRENT_VERSION = 1;
				DYLIB_INSTALL_NAME_BASE = "@rpath";
				GENERATE_INFOPLIST_FILE = YES;
				INFOPLIST_KEY_NSHumanReadableCopyright = "";
				INSTALL_PATH = "$(LOCAL_LIBRARY_DIR)/Frameworks";
				IPHONEOS_DEPLOYMENT_TARGET = 11.0;
				LD_RUNPATH_SEARCH_PATHS = (
					"$(inherited)",
					"@executable_path/Frameworks",
					"@loader_path/Frameworks",
				);
				MARKETING_VERSION = 1.0;
				PRODUCT_BUNDLE_IDENTIFIER = "com.walid.PSAWeather-Remote";
				PRODUCT_NAME = "$(TARGET_NAME:c99extidentifier)";
				SKIP_INSTALL = YES;
				SWIFT_EMIT_LOC_STRINGS = YES;
				SWIFT_VERSION = 5.0;
				TARGETED_DEVICE_FAMILY = "1,2";
				VERSIONING_SYSTEM = "apple-generic";
				VERSION_INFO_PREFIX = "";
			};
			name = Release;
		};
		35920D7F29AAC59D00F2109F /* Debug */ = {
			isa = XCBuildConfiguration;
			buildSettings = {
				ALWAYS_EMBED_SWIFT_STANDARD_LIBRARIES = YES;
				CODE_SIGN_STYLE = Automatic;
				CURRENT_PROJECT_VERSION = 1;
				DEVELOPMENT_TEAM = VTVSHTUS6K;
				GENERATE_INFOPLIST_FILE = YES;
				IPHONEOS_DEPLOYMENT_TARGET = 11.0;
				MARKETING_VERSION = 1.0;
				PRODUCT_BUNDLE_IDENTIFIER = "com.walid.PSAWeather-RemoteTests";
				PRODUCT_NAME = "$(TARGET_NAME)";
				SWIFT_EMIT_LOC_STRINGS = NO;
				SWIFT_VERSION = 5.0;
				TARGETED_DEVICE_FAMILY = "1,2";
				TEST_HOST = "$(BUILT_PRODUCTS_DIR)/PSAWeather.UI.app/$(BUNDLE_EXECUTABLE_FOLDER_PATH)/PSAWeather.UI";
			};
			name = Debug;
		};
		35920D8029AAC59D00F2109F /* Release */ = {
			isa = XCBuildConfiguration;
			buildSettings = {
				ALWAYS_EMBED_SWIFT_STANDARD_LIBRARIES = YES;
				CODE_SIGN_STYLE = Automatic;
				CURRENT_PROJECT_VERSION = 1;
				DEVELOPMENT_TEAM = VTVSHTUS6K;
				GENERATE_INFOPLIST_FILE = YES;
				IPHONEOS_DEPLOYMENT_TARGET = 11.0;
				MARKETING_VERSION = 1.0;
				PRODUCT_BUNDLE_IDENTIFIER = "com.walid.PSAWeather-RemoteTests";
				PRODUCT_NAME = "$(TARGET_NAME)";
				SWIFT_EMIT_LOC_STRINGS = NO;
				SWIFT_VERSION = 5.0;
				TARGETED_DEVICE_FAMILY = "1,2";
				TEST_HOST = "$(BUILT_PRODUCTS_DIR)/PSAWeather.UI.app/$(BUNDLE_EXECUTABLE_FOLDER_PATH)/PSAWeather.UI";
			};
			name = Release;
		};
/* End XCBuildConfiguration section */

/* Begin XCConfigurationList section */
		35920D4129AAC2C600F2109F /* Build configuration list for PBXProject "PSAWeather.UI" */ = {
			isa = XCConfigurationList;
			buildConfigurations = (
				35920D5829AAC2C800F2109F /* Debug */,
				35920D5929AAC2C800F2109F /* Release */,
			);
			defaultConfigurationIsVisible = 0;
			defaultConfigurationName = Release;
		};
		35920D5A29AAC2C800F2109F /* Build configuration list for PBXNativeTarget "PSAWeather.UI" */ = {
			isa = XCConfigurationList;
			buildConfigurations = (
				35920D5B29AAC2C800F2109F /* Debug */,
				35920D5C29AAC2C800F2109F /* Release */,
			);
			defaultConfigurationIsVisible = 0;
			defaultConfigurationName = Release;
		};
		35920D7A29AAC59D00F2109F /* Build configuration list for PBXNativeTarget "PSAWeather.Remote" */ = {
			isa = XCConfigurationList;
			buildConfigurations = (
				35920D7B29AAC59D00F2109F /* Debug */,
				35920D7C29AAC59D00F2109F /* Release */,
			);
			defaultConfigurationIsVisible = 0;
			defaultConfigurationName = Release;
		};
		35920D7E29AAC59D00F2109F /* Build configuration list for PBXNativeTarget "PSAWeather.RemoteTests" */ = {
			isa = XCConfigurationList;
			buildConfigurations = (
				35920D7F29AAC59D00F2109F /* Debug */,
				35920D8029AAC59D00F2109F /* Release */,
			);
			defaultConfigurationIsVisible = 0;
			defaultConfigurationName = Release;
		};
/* End XCConfigurationList section */
	};
	rootObject = 35920D3E29AAC2C600F2109F /* Project object */;
}
